{
  "requires": true,
  "lockfileVersion": 1,
  "dependencies": {
    "@alan-ai/alan-sdk-web": {
      "version": "1.8.37",
      "resolved": "https://registry.npmjs.org/@alan-ai/alan-sdk-web/-/alan-sdk-web-1.8.37.tgz",
      "integrity": "sha512-pL5CbRY9HC1gfX8Te6Z4hJn4V/rh8VJ0R0HlH0zrE557pjOPLfWSzIr04cVAZe07hBpx0Am3UekKHC8Dfn8PDw=="
    }
  }
}
